// !$*UTF8*$!
{
	archiveVersion = 1;
	classes = {
	};
	objectVersion = 56;
	objects = {

/* Begin PBXBuildFile section */
		CB09B0392B7BC8BB0009CFDD /* OutputView.swift in Sources */ = {isa = PBXBuildFile; fileRef = CB09B0382B7BC8BB0009CFDD /* OutputView.swift */; };
		CBC6BE392B7A94B90094A061 /* AppDelegate.swift in Sources */ = {isa = PBXBuildFile; fileRef = CBC6BE382B7A94B90094A061 /* AppDelegate.swift */; };
		CBC6BE3B2B7A94B90094A061 /* SceneDelegate.swift in Sources */ = {isa = PBXBuildFile; fileRef = CBC6BE3A2B7A94B90094A061 /* SceneDelegate.swift */; };
		CBC6BE3D2B7A94B90094A061 /* ViewController.swift in Sources */ = {isa = PBXBuildFile; fileRef = CBC6BE3C2B7A94B90094A061 /* ViewController.swift */; };
		CBC6BE402B7A94B90094A061 /* Main.storyboard in Resources */ = {isa = PBXBuildFile; fileRef = CBC6BE3E2B7A94B90094A061 /* Main.storyboard */; };
		CBC6BE422B7A94BA0094A061 /* Assets.xcassets in Resources */ = {isa = PBXBuildFile; fileRef = CBC6BE412B7A94BA0094A061 /* Assets.xcassets */; };
		CBC6BE452B7A94BA0094A061 /* LaunchScreen.storyboard in Resources */ = {isa = PBXBuildFile; fileRef = CBC6BE432B7A94BA0094A061 /* LaunchScreen.storyboard */; };
		CBC6BE502B7A94BA0094A061 /* CurrencyConverterTests.swift in Sources */ = {isa = PBXBuildFile; fileRef = CBC6BE4F2B7A94BA0094A061 /* CurrencyConverterTests.swift */; };
		CBC6BE5A2B7A94BA0094A061 /* CurrencyConverterUITests.swift in Sources */ = {isa = PBXBuildFile; fileRef = CBC6BE592B7A94BA0094A061 /* CurrencyConverterUITests.swift */; };
		CBC6BE5C2B7A94BA0094A061 /* CurrencyConverterUITestsLaunchTests.swift in Sources */ = {isa = PBXBuildFile; fileRef = CBC6BE5B2B7A94BA0094A061 /* CurrencyConverterUITestsLaunchTests.swift */; };
		CBC6BE692B7A9E440094A061 /* ConvertLogic.swift in Sources */ = {isa = PBXBuildFile; fileRef = CBC6BE682B7A9E440094A061 /* ConvertLogic.swift */; };
/* End PBXBuildFile section */

/* Begin PBXContainerItemProxy section */
		CBC6BE4C2B7A94BA0094A061 /* PBXContainerItemProxy */ = {
			isa = PBXContainerItemProxy;
			containerPortal = CBC6BE2D2B7A94B90094A061 /* Project object */;
			proxyType = 1;
			remoteGlobalIDString = CBC6BE342B7A94B90094A061;
			remoteInfo = CurrencyConverter;
		};
		CBC6BE562B7A94BA0094A061 /* PBXContainerItemProxy */ = {
			isa = PBXContainerItemProxy;
			containerPortal = CBC6BE2D2B7A94B90094A061 /* Project object */;
			proxyType = 1;
			remoteGlobalIDString = CBC6BE342B7A94B90094A061;
			remoteInfo = CurrencyConverter;
		};
/* End PBXContainerItemProxy section */

/* Begin PBXFileReference section */
		CB09B0382B7BC8BB0009CFDD /* OutputView.swift */ = {isa = PBXFileReference; lastKnownFileType = sourcecode.swift; path = OutputView.swift; sourceTree = "<group>"; };
		CBC6BE352B7A94B90094A061 /* CurrencyConverter.app */ = {isa = PBXFileReference; explicitFileType = wrapper.application; includeInIndex = 0; path = CurrencyConverter.app; sourceTree = BUILT_PRODUCTS_DIR; };
		CBC6BE382B7A94B90094A061 /* AppDelegate.swift */ = {isa = PBXFileReference; lastKnownFileType = sourcecode.swift; path = AppDelegate.swift; sourceTree = "<group>"; };
		CBC6BE3A2B7A94B90094A061 /* SceneDelegate.swift */ = {isa = PBXFileReference; lastKnownFileType = sourcecode.swift; path = SceneDelegate.swift; sourceTree = "<group>"; };
		CBC6BE3C2B7A94B90094A061 /* ViewController.swift */ = {isa = PBXFileReference; lastKnownFileType = sourcecode.swift; path = ViewController.swift; sourceTree = "<group>"; };
		CBC6BE3F2B7A94B90094A061 /* Base */ = {isa = PBXFileReference; lastKnownFileType = file.storyboard; name = Base; path = Base.lproj/Main.storyboard; sourceTree = "<group>"; };
		CBC6BE412B7A94BA0094A061 /* Assets.xcassets */ = {isa = PBXFileReference; lastKnownFileType = folder.assetcatalog; path = Assets.xcassets; sourceTree = "<group>"; };
		CBC6BE442B7A94BA0094A061 /* Base */ = {isa = PBXFileReference; lastKnownFileType = file.storyboard; name = Base; path = Base.lproj/LaunchScreen.storyboard; sourceTree = "<group>"; };
		CBC6BE462B7A94BA0094A061 /* Info.plist */ = {isa = PBXFileReference; lastKnownFileType = text.plist.xml; path = Info.plist; sourceTree = "<group>"; };
		CBC6BE4B2B7A94BA0094A061 /* CurrencyConverterTests.xctest */ = {isa = PBXFileReference; explicitFileType = wrapper.cfbundle; includeInIndex = 0; path = CurrencyConverterTests.xctest; sourceTree = BUILT_PRODUCTS_DIR; };
		CBC6BE4F2B7A94BA0094A061 /* CurrencyConverterTests.swift */ = {isa = PBXFileReference; lastKnownFileType = sourcecode.swift; path = CurrencyConverterTests.swift; sourceTree = "<group>"; };
		CBC6BE552B7A94BA0094A061 /* CurrencyConverterUITests.xctest */ = {isa = PBXFileReference; explicitFileType = wrapper.cfbundle; includeInIndex = 0; path = CurrencyConverterUITests.xctest; sourceTree = BUILT_PRODUCTS_DIR; };
		CBC6BE592B7A94BA0094A061 /* CurrencyConverterUITests.swift */ = {isa = PBXFileReference; lastKnownFileType = sourcecode.swift; path = CurrencyConverterUITests.swift; sourceTree = "<group>"; };
		CBC6BE5B2B7A94BA0094A061 /* CurrencyConverterUITestsLaunchTests.swift */ = {isa = PBXFileReference; lastKnownFileType = sourcecode.swift; path = CurrencyConverterUITestsLaunchTests.swift; sourceTree = "<group>"; };
		CBC6BE682B7A9E440094A061 /* ConvertLogic.swift */ = {isa = PBXFileReference; lastKnownFileType = sourcecode.swift; path = ConvertLogic.swift; sourceTree = "<group>"; };
/* End PBXFileReference section */

/* Begin PBXFrameworksBuildPhase section */
		CBC6BE322B7A94B90094A061 /* Frameworks */ = {
			isa = PBXFrameworksBuildPhase;
			buildActionMask = 2147483647;
			files = (
			);
			runOnlyForDeploymentPostprocessing = 0;
		};
		CBC6BE482B7A94BA0094A061 /* Frameworks */ = {
			isa = PBXFrameworksBuildPhase;
			buildActionMask = 2147483647;
			files = (
			);
			runOnlyForDeploymentPostprocessing = 0;
		};
		CBC6BE522B7A94BA0094A061 /* Frameworks */ = {
			isa = PBXFrameworksBuildPhase;
			buildActionMask = 2147483647;
			files = (
			);
			runOnlyForDeploymentPostprocessing = 0;
		};
/* End PBXFrameworksBuildPhase section */

/* Begin PBXGroup section */
		CBC6BE2C2B7A94B90094A061 = {
			isa = PBXGroup;
			children = (
				CBC6BE372B7A94B90094A061 /* CurrencyConverter */,
				CBC6BE4E2B7A94BA0094A061 /* CurrencyConverterTests */,
				CBC6BE582B7A94BA0094A061 /* CurrencyConverterUITests */,
				CBC6BE362B7A94B90094A061 /* Products */,
			);
			sourceTree = "<group>";
		};
		CBC6BE362B7A94B90094A061 /* Products */ = {
			isa = PBXGroup;
			children = (
				CBC6BE352B7A94B90094A061 /* CurrencyConverter.app */,
				CBC6BE4B2B7A94BA0094A061 /* CurrencyConverterTests.xctest */,
				CBC6BE552B7A94BA0094A061 /* CurrencyConverterUITests.xctest */,
			);
			name = Products;
			sourceTree = "<group>";
		};
		CBC6BE372B7A94B90094A061 /* CurrencyConverter */ = {
			isa = PBXGroup;
			children = (
				CBC6BE382B7A94B90094A061 /* AppDelegate.swift */,
				CBC6BE3A2B7A94B90094A061 /* SceneDelegate.swift */,
				CBC6BE3C2B7A94B90094A061 /* ViewController.swift */,
				CBC6BE3E2B7A94B90094A061 /* Main.storyboard */,
				CBC6BE412B7A94BA0094A061 /* Assets.xcassets */,
				CBC6BE432B7A94BA0094A061 /* LaunchScreen.storyboard */,
				CBC6BE462B7A94BA0094A061 /* Info.plist */,
				CBC6BE682B7A9E440094A061 /* ConvertLogic.swift */,
				CB09B0382B7BC8BB0009CFDD /* OutputView.swift */,
			);
			path = CurrencyConverter;
			sourceTree = "<group>";
		};
		CBC6BE4E2B7A94BA0094A061 /* CurrencyConverterTests */ = {
			isa = PBXGroup;
			children = (
				CBC6BE4F2B7A94BA0094A061 /* CurrencyConverterTests.swift */,
			);
			path = CurrencyConverterTests;
			sourceTree = "<group>";
		};
		CBC6BE582B7A94BA0094A061 /* CurrencyConverterUITests */ = {
			isa = PBXGroup;
			children = (
				CBC6BE592B7A94BA0094A061 /* CurrencyConverterUITests.swift */,
				CBC6BE5B2B7A94BA0094A061 /* CurrencyConverterUITestsLaunchTests.swift */,
			);
			path = CurrencyConverterUITests;
			sourceTree = "<group>";
		};
/* End PBXGroup section */

/* Begin PBXNativeTarget section */
		CBC6BE342B7A94B90094A061 /* CurrencyConverter */ = {
			isa = PBXNativeTarget;
			buildConfigurationList = CBC6BE5F2B7A94BA0094A061 /* Build configuration list for PBXNativeTarget "CurrencyConverter" */;
			buildPhases = (
				CBC6BE312B7A94B90094A061 /* Sources */,
				CBC6BE322B7A94B90094A061 /* Frameworks */,
				CBC6BE332B7A94B90094A061 /* Resources */,
			);
			buildRules = (
			);
			dependencies = (
			);
			name = CurrencyConverter;
			productName = CurrencyConverter;
			productReference = CBC6BE352B7A94B90094A061 /* CurrencyConverter.app */;
			productType = "com.apple.product-type.application";
		};
		CBC6BE4A2B7A94BA0094A061 /* CurrencyConverterTests */ = {
			isa = PBXNativeTarget;
			buildConfigurationList = CBC6BE622B7A94BA0094A061 /* Build configuration list for PBXNativeTarget "CurrencyConverterTests" */;
			buildPhases = (
				CBC6BE472B7A94BA0094A061 /* Sources */,
				CBC6BE482B7A94BA0094A061 /* Frameworks */,
				CBC6BE492B7A94BA0094A061 /* Resources */,
			);
			buildRules = (
			);
			dependencies = (
				CBC6BE4D2B7A94BA0094A061 /* PBXTargetDependency */,
			);
			name = CurrencyConverterTests;
			productName = CurrencyConverterTests;
			productReference = CBC6BE4B2B7A94BA0094A061 /* CurrencyConverterTests.xctest */;
			productType = "com.apple.product-type.bundle.unit-test";
		};
		CBC6BE542B7A94BA0094A061 /* CurrencyConverterUITests */ = {
			isa = PBXNativeTarget;
			buildConfigurationList = CBC6BE652B7A94BA0094A061 /* Build configuration list for PBXNativeTarget "CurrencyConverterUITests" */;
			buildPhases = (
				CBC6BE512B7A94BA0094A061 /* Sources */,
				CBC6BE522B7A94BA0094A061 /* Frameworks */,
				CBC6BE532B7A94BA0094A061 /* Resources */,
			);
			buildRules = (
			);
			dependencies = (
				CBC6BE572B7A94BA0094A061 /* PBXTargetDependency */,
			);
			name = CurrencyConverterUITests;
			productName = CurrencyConverterUITests;
			productReference = CBC6BE552B7A94BA0094A061 /* CurrencyConverterUITests.xctest */;
			productType = "com.apple.product-type.bundle.ui-testing";
		};
/* End PBXNativeTarget section */

/* Begin PBXProject section */
		CBC6BE2D2B7A94B90094A061 /* Project object */ = {
			isa = PBXProject;
			attributes = {
				BuildIndependentTargetsInParallel = 1;
				LastSwiftUpdateCheck = 1520;
				LastUpgradeCheck = 1520;
				TargetAttributes = {
					CBC6BE342B7A94B90094A061 = {
						CreatedOnToolsVersion = 15.2;
					};
					CBC6BE4A2B7A94BA0094A061 = {
						CreatedOnToolsVersion = 15.2;
						TestTargetID = CBC6BE342B7A94B90094A061;
					};
					CBC6BE542B7A94BA0094A061 = {
						CreatedOnToolsVersion = 15.2;
						TestTargetID = CBC6BE342B7A94B90094A061;
					};
				};
			};
			buildConfigurationList = CBC6BE302B7A94B90094A061 /* Build configuration list for PBXProject "CurrencyConverter" */;
			compatibilityVersion = "Xcode 14.0";
			developmentRegion = en;
			hasScannedForEncodings = 0;
			knownRegions = (
				en,
				Base,
			);
			mainGroup = CBC6BE2C2B7A94B90094A061;
			productRefGroup = CBC6BE362B7A94B90094A061 /* Products */;
			projectDirPath = "";
			projectRoot = "";
			targets = (
				CBC6BE342B7A94B90094A061 /* CurrencyConverter */,
				CBC6BE4A2B7A94BA0094A061 /* CurrencyConverterTests */,
				CBC6BE542B7A94BA0094A061 /* CurrencyConverterUITests */,
			);
		};
/* End PBXProject section */

/* Begin PBXResourcesBuildPhase section */
		CBC6BE332B7A94B90094A061 /* Resources */ = {
			isa = PBXResourcesBuildPhase;
			buildActionMask = 2147483647;
			files = (
				CBC6BE452B7A94BA0094A061 /* LaunchScreen.storyboard in Resources */,
				CBC6BE422B7A94BA0094A061 /* Assets.xcassets in Resources */,
				CBC6BE402B7A94B90094A061 /* Main.storyboard in Resources */,
			);
			runOnlyForDeploymentPostprocessing = 0;
		};
		CBC6BE492B7A94BA0094A061 /* Resources */ = {
			isa = PBXResourcesBuildPhase;
			buildActionMask = 2147483647;
			files = (
			);
			runOnlyForDeploymentPostprocessing = 0;
		};
		CBC6BE532B7A94BA0094A061 /* Resources */ = {
			isa = PBXResourcesBuildPhase;
			buildActionMask = 2147483647;
			files = (
			);
			runOnlyForDeploymentPostprocessing = 0;
		};
/* End PBXResourcesBuildPhase section */

/* Begin PBXSourcesBuildPhase section */
		CBC6BE312B7A94B90094A061 /* Sources */ = {
			isa = PBXSourcesBuildPhase;
			buildActionMask = 2147483647;
			files = (
				CB09B0392B7BC8BB0009CFDD /* OutputView.swift in Sources */,
				CBC6BE692B7A9E440094A061 /* ConvertLogic.swift in Sources */,
				CBC6BE3D2B7A94B90094A061 /* ViewController.swift in Sources */,
				CBC6BE392B7A94B90094A061 /* AppDelegate.swift in Sources */,
				CBC6BE3B2B7A94B90094A061 /* SceneDelegate.swift in Sources */,
			);
			runOnlyForDeploymentPostprocessing = 0;
		};
		CBC6BE472B7A94BA0094A061 /* Sources */ = {
			isa = PBXSourcesBuildPhase;
			buildActionMask = 2147483647;
			files = (
				CBC6BE502B7A94BA0094A061 /* CurrencyConverterTests.swift in Sources */,
			);
			runOnlyForDeploymentPostprocessing = 0;
		};
		CBC6BE512B7A94BA0094A061 /* Sources */ = {
			isa = PBXSourcesBuildPhase;
			buildActionMask = 2147483647;
			files = (
				CBC6BE5C2B7A94BA0094A061 /* CurrencyConverterUITestsLaunchTests.swift in Sources */,
				CBC6BE5A2B7A94BA0094A061 /* CurrencyConverterUITests.swift in Sources */,
			);
			runOnlyForDeploymentPostprocessing = 0;
		};
/* End PBXSourcesBuildPhase section */

/* Begin PBXTargetDependency section */
		CBC6BE4D2B7A94BA0094A061 /* PBXTargetDependency */ = {
			isa = PBXTargetDependency;
			target = CBC6BE342B7A94B90094A061 /* CurrencyConverter */;
			targetProxy = CBC6BE4C2B7A94BA0094A061 /* PBXContainerItemProxy */;
		};
		CBC6BE572B7A94BA0094A061 /* PBXTargetDependency */ = {
			isa = PBXTargetDependency;
			target = CBC6BE342B7A94B90094A061 /* CurrencyConverter */;
			targetProxy = CBC6BE562B7A94BA0094A061 /* PBXContainerItemProxy */;
		};
/* End PBXTargetDependency section */

/* Begin PBXVariantGroup section */
		CBC6BE3E2B7A94B90094A061 /* Main.storyboard */ = {
			isa = PBXVariantGroup;
			children = (
				CBC6BE3F2B7A94B90094A061 /* Base */,
			);
			name = Main.storyboard;
			sourceTree = "<group>";
		};
		CBC6BE432B7A94BA0094A061 /* LaunchScreen.storyboard */ = {
			isa = PBXVariantGroup;
			children = (
				CBC6BE442B7A94BA0094A061 /* Base */,
			);
			name = LaunchScreen.storyboard;
			sourceTree = "<group>";
		};
/* End PBXVariantGroup section */

/* Begin XCBuildConfiguration section */
		CBC6BE5D2B7A94BA0094A061 /* Debug */ = {
			isa = XCBuildConfiguration;
			buildSettings = {
				ALWAYS_SEARCH_USER_PATHS = NO;
				ASSETCATALOG_COMPILER_GENERATE_SWIFT_ASSET_SYMBOL_EXTENSIONS = YES;
				CLANG_ANALYZER_NONNULL = YES;
				CLANG_ANALYZER_NUMBER_OBJECT_CONVERSION = YES_AGGRESSIVE;
				CLANG_CXX_LANGUAGE_STANDARD = "gnu++20";
				CLANG_ENABLE_MODULES = YES;
				CLANG_ENABLE_OBJC_ARC = YES;
				CLANG_ENABLE_OBJC_WEAK = YES;
				CLANG_WARN_BLOCK_CAPTURE_AUTORELEASING = YES;
				CLANG_WARN_BOOL_CONVERSION = YES;
				CLANG_WARN_COMMA = YES;
				CLANG_WARN_CONSTANT_CONVERSION = YES;
				CLANG_WARN_DEPRECATED_OBJC_IMPLEMENTATIONS = YES;
				CLANG_WARN_DIRECT_OBJC_ISA_USAGE = YES_ERROR;
				CLANG_WARN_DOCUMENTATION_COMMENTS = YES;
				CLANG_WARN_EMPTY_BODY = YES;
				CLANG_WARN_ENUM_CONVERSION = YES;
				CLANG_WARN_INFINITE_RECURSION = YES;
				CLANG_WARN_INT_CONVERSION = YES;
				CLANG_WARN_NON_LITERAL_NULL_CONVERSION = YES;
				CLANG_WARN_OBJC_IMPLICIT_RETAIN_SELF = YES;
				CLANG_WARN_OBJC_LITERAL_CONVERSION = YES;
				CLANG_WARN_OBJC_ROOT_CLASS = YES_ERROR;
				CLANG_WARN_QUOTED_INCLUDE_IN_FRAMEWORK_HEADER = YES;
				CLANG_WARN_RANGE_LOOP_ANALYSIS = YES;
				CLANG_WARN_STRICT_PROTOTYPES = YES;
				CLANG_WARN_SUSPICIOUS_MOVE = YES;
				CLANG_WARN_UNGUARDED_AVAILABILITY = YES_AGGRESSIVE;
				CLANG_WARN_UNREACHABLE_CODE = YES;
				CLANG_WARN__DUPLICATE_METHOD_MATCH = YES;
				COPY_PHASE_STRIP = NO;
				DEBUG_INFORMATION_FORMAT = dwarf;
				ENABLE_STRICT_OBJC_MSGSEND = YES;
				ENABLE_TESTABILITY = YES;
				ENABLE_USER_SCRIPT_SANDBOXING = YES;
				GCC_C_LANGUAGE_STANDARD = gnu17;
				GCC_DYNAMIC_NO_PIC = NO;
				GCC_NO_COMMON_BLOCKS = YES;
				GCC_OPTIMIZATION_LEVEL = 0;
				GCC_PREPROCESSOR_DEFINITIONS = (
					"DEBUG=1",
					"$(inherited)",
				);
				GCC_WARN_64_TO_32_BIT_CONVERSION = YES;
				GCC_WARN_ABOUT_RETURN_TYPE = YES_ERROR;
				GCC_WARN_UNDECLARED_SELECTOR = YES;
				GCC_WARN_UNINITIALIZED_AUTOS = YES_AGGRESSIVE;
				GCC_WARN_UNUSED_FUNCTION = YES;
				GCC_WARN_UNUSED_VARIABLE = YES;
				IPHONEOS_DEPLOYMENT_TARGET = 17.2;
				LOCALIZATION_PREFERS_STRING_CATALOGS = YES;
				MTL_ENABLE_DEBUG_INFO = INCLUDE_SOURCE;
				MTL_FAST_MATH = YES;
				ONLY_ACTIVE_ARCH = YES;
				SDKROOT = iphoneos;
				SWIFT_ACTIVE_COMPILATION_CONDITIONS = "DEBUG $(inherited)";
				SWIFT_OPTIMIZATION_LEVEL = "-Onone";
			};
			name = Debug;
		};
		CBC6BE5E2B7A94BA0094A061 /* Release */ = {
			isa = XCBuildConfiguration;
			buildSettings = {
				ALWAYS_SEARCH_USER_PATHS = NO;
				ASSETCATALOG_COMPILER_GENERATE_SWIFT_ASSET_SYMBOL_EXTENSIONS = YES;
				CLANG_ANALYZER_NONNULL = YES;
				CLANG_ANALYZER_NUMBER_OBJECT_CONVERSION = YES_AGGRESSIVE;
				CLANG_CXX_LANGUAGE_STANDARD = "gnu++20";
				CLANG_ENABLE_MODULES = YES;
				CLANG_ENABLE_OBJC_ARC = YES;
				CLANG_ENABLE_OBJC_WEAK = YES;
				CLANG_WARN_BLOCK_CAPTURE_AUTORELEASING = YES;
				CLANG_WARN_BOOL_CONVERSION = YES;
				CLANG_WARN_COMMA = YES;
				CLANG_WARN_CONSTANT_CONVERSION = YES;
				CLANG_WARN_DEPRECATED_OBJC_IMPLEMENTATIONS = YES;
				CLANG_WARN_DIRECT_OBJC_ISA_USAGE = YES_ERROR;
				CLANG_WARN_DOCUMENTATION_COMMENTS = YES;
				CLANG_WARN_EMPTY_BODY = YES;
				CLANG_WARN_ENUM_CONVERSION = YES;
				CLANG_WARN_INFINITE_RECURSION = YES;
				CLANG_WARN_INT_CONVERSION = YES;
				CLANG_WARN_NON_LITERAL_NULL_CONVERSION = YES;
				CLANG_WARN_OBJC_IMPLICIT_RETAIN_SELF = YES;
				CLANG_WARN_OBJC_LITERAL_CONVERSION = YES;
				CLANG_WARN_OBJC_ROOT_CLASS = YES_ERROR;
				CLANG_WARN_QUOTED_INCLUDE_IN_FRAMEWORK_HEADER = YES;
				CLANG_WARN_RANGE_LOOP_ANALYSIS = YES;
				CLANG_WARN_STRICT_PROTOTYPES = YES;
				CLANG_WARN_SUSPICIOUS_MOVE = YES;
				CLANG_WARN_UNGUARDED_AVAILABILITY = YES_AGGRESSIVE;
				CLANG_WARN_UNREACHABLE_CODE = YES;
				CLANG_WARN__DUPLICATE_METHOD_MATCH = YES;
				COPY_PHASE_STRIP = NO;
				DEBUG_INFORMATION_FORMAT = "dwarf-with-dsym";
				ENABLE_NS_ASSERTIONS = NO;
				ENABLE_STRICT_OBJC_MSGSEND = YES;
				ENABLE_USER_SCRIPT_SANDBOXING = YES;
				GCC_C_LANGUAGE_STANDARD = gnu17;
				GCC_NO_COMMON_BLOCKS = YES;
				GCC_WARN_64_TO_32_BIT_CONVERSION = YES;
				GCC_WARN_ABOUT_RETURN_TYPE = YES_ERROR;
				GCC_WARN_UNDECLARED_SELECTOR = YES;
				GCC_WARN_UNINITIALIZED_AUTOS = YES_AGGRESSIVE;
				GCC_WARN_UNUSED_FUNCTION = YES;
				GCC_WARN_UNUSED_VARIABLE = YES;
				IPHONEOS_DEPLOYMENT_TARGET = 17.2;
				LOCALIZATION_PREFERS_STRING_CATALOGS = YES;
				MTL_ENABLE_DEBUG_INFO = NO;
				MTL_FAST_MATH = YES;
				SDKROOT = iphoneos;
				SWIFT_COMPILATION_MODE = wholemodule;
				VALIDATE_PRODUCT = YES;
			};
			name = Release;
		};
		CBC6BE602B7A94BA0094A061 /* Debug */ = {
			isa = XCBuildConfiguration;
			buildSettings = {
				ASSETCATALOG_COMPILER_APPICON_NAME = AppIcon;
				ASSETCATALOG_COMPILER_GLOBAL_ACCENT_COLOR_NAME = AccentColor;
				CODE_SIGN_STYLE = Automatic;
				CURRENT_PROJECT_VERSION = 1;
				GENERATE_INFOPLIST_FILE = YES;
				INFOPLIST_FILE = CurrencyConverter/Info.plist;
				INFOPLIST_KEY_UIApplicationSupportsIndirectInputEvents = YES;
				INFOPLIST_KEY_UILaunchStoryboardName = LaunchScreen;
				INFOPLIST_KEY_UIMainStoryboardFile = Main;
				INFOPLIST_KEY_UISupportedInterfaceOrientations_iPad = "UIInterfaceOrientationPortrait UIInterfaceOrientationPortraitUpsideDown UIInterfaceOrientationLandscapeLeft UIInterfaceOrientationLandscapeRight";
				INFOPLIST_KEY_UISupportedInterfaceOrientations_iPhone = "UIInterfaceOrientationPortrait UIInterfaceOrientationLandscapeLeft UIInterfaceOrientationLandscapeRight";
				LD_RUNPATH_SEARCH_PATHS = (
					"$(inherited)",
					"@executable_path/Frameworks",
				);
				MARKETING_VERSION = 1.0;
				PRODUCT_BUNDLE_IDENTIFIER = edu.auburn.onlinecsse.CurrencyConverter;
				PRODUCT_NAME = "$(TARGET_NAME)";
				SWIFT_EMIT_LOC_STRINGS = YES;
				SWIFT_VERSION = 5.0;
				TARGETED_DEVICE_FAMILY = "1,2";
			};
			name = Debug;
		};
		CBC6BE612B7A94BA0094A061 /* Release */ = {
			isa = XCBuildConfiguration;
			buildSettings = {
				ASSETCATALOG_COMPILER_APPICON_NAME = AppIcon;
				ASSETCATALOG_COMPILER_GLOBAL_ACCENT_COLOR_NAME = AccentColor;
				CODE_SIGN_STYLE = Automatic;
				CURRENT_PROJECT_VERSION = 1;
				GENERATE_INFOPLIST_FILE = YES;
				INFOPLIST_FILE = CurrencyConverter/Info.plist;
				INFOPLIST_KEY_UIApplicationSupportsIndirectInputEvents = YES;
				INFOPLIST_KEY_UILaunchStoryboardName = LaunchScreen;
				INFOPLIST_KEY_UIMainStoryboardFile = Main;
				INFOPLIST_KEY_UISupportedInterfaceOrientations_iPad = "UIInterfaceOrientationPortrait UIInterfaceOrientationPortraitUpsideDown UIInterfaceOrientationLandscapeLeft UIInterfaceOrientationLandscapeRight";
				INFOPLIST_KEY_UISupportedInterfaceOrientations_iPhone = "UIInterfaceOrientationPortrait UIInterfaceOrientationLandscapeLeft UIInterfaceOrientationLandscapeRight";
				LD_RUNPATH_SEARCH_PATHS = (
					"$(inherited)",
					"@executable_path/Frameworks",
				);
				MARKETING_VERSION = 1.0;
				PRODUCT_BUNDLE_IDENTIFIER = edu.auburn.onlinecsse.CurrencyConverter;
				PRODUCT_NAME = "$(TARGET_NAME)";
				SWIFT_EMIT_LOC_STRINGS = YES;
				SWIFT_VERSION = 5.0;
				TARGETED_DEVICE_FAMILY = "1,2";
			};
			name = Release;
		};
		CBC6BE632B7A94BA0094A061 /* Debug */ = {
			isa = XCBuildConfiguration;
			buildSettings = {
				ALWAYS_EMBED_SWIFT_STANDARD_LIBRARIES = YES;
				BUNDLE_LOADER = "$(TEST_HOST)";
				CODE_SIGN_STYLE = Automatic;
				CURRENT_PROJECT_VERSION = 1;
				GENERATE_INFOPLIST_FILE = YES;
				IPHONEOS_DEPLOYMENT_TARGET = 17.2;
				MARKETING_VERSION = 1.0;
				PRODUCT_BUNDLE_IDENTIFIER = edu.auburn.onlinecsse.CurrencyConverterTests;
				PRODUCT_NAME = "$(TARGET_NAME)";
				SWIFT_EMIT_LOC_STRINGS = NO;
				SWIFT_VERSION = 5.0;
				TARGETED_DEVICE_FAMILY = "1,2";
				TEST_HOST = "$(BUILT_PRODUCTS_DIR)/CurrencyConverter.app/$(BUNDLE_EXECUTABLE_FOLDER_PATH)/CurrencyConverter";
			};
			name = Debug;
		};
		CBC6BE642B7A94BA0094A061 /* Release */ = {
			isa = XCBuildConfiguration;
			buildSettings = {
				ALWAYS_EMBED_SWIFT_STANDARD_LIBRARIES = YES;
				BUNDLE_LOADER = "$(TEST_HOST)";
				CODE_SIGN_STYLE = Automatic;
				CURRENT_PROJECT_VERSION = 1;
				GENERATE_INFOPLIST_FILE = YES;
				IPHONEOS_DEPLOYMENT_TARGET = 17.2;
				MARKETING_VERSION = 1.0;
				PRODUCT_BUNDLE_IDENTIFIER = edu.auburn.onlinecsse.CurrencyConverterTests;
				PRODUCT_NAME = "$(TARGET_NAME)";
				SWIFT_EMIT_LOC_STRINGS = NO;
				SWIFT_VERSION = 5.0;
				TARGETED_DEVICE_FAMILY = "1,2";
				TEST_HOST = "$(BUILT_PRODUCTS_DIR)/CurrencyConverter.app/$(BUNDLE_EXECUTABLE_FOLDER_PATH)/CurrencyConverter";
			};
			name = Release;
		};
		CBC6BE662B7A94BA0094A061 /* Debug */ = {
			isa = XCBuildConfiguration;
			buildSettings = {
				ALWAYS_EMBED_SWIFT_STANDARD_LIBRARIES = YES;
				CODE_SIGN_STYLE = Automatic;
				CURRENT_PROJECT_VERSION = 1;
				GENERATE_INFOPLIST_FILE = YES;
				MARKETING_VERSION = 1.0;
				PRODUCT_BUNDLE_IDENTIFIER = edu.auburn.onlinecsse.CurrencyConverterUITests;
				PRODUCT_NAME = "$(TARGET_NAME)";
				SWIFT_EMIT_LOC_STRINGS = NO;
				SWIFT_VERSION = 5.0;
				TARGETED_DEVICE_FAMILY = "1,2";
				TEST_TARGET_NAME = CurrencyConverter;
			};
			name = Debug;
		};
		CBC6BE672B7A94BA0094A061 /* Release */ = {
			isa = XCBuildConfiguration;
			buildSettings = {
				ALWAYS_EMBED_SWIFT_STANDARD_LIBRARIES = YES;
				CODE_SIGN_STYLE = Automatic;
				CURRENT_PROJECT_VERSION = 1;
				GENERATE_INFOPLIST_FILE = YES;
				MARKETING_VERSION = 1.0;
				PRODUCT_BUNDLE_IDENTIFIER = edu.auburn.onlinecsse.CurrencyConverterUITests;
				PRODUCT_NAME = "$(TARGET_NAME)";
				SWIFT_EMIT_LOC_STRINGS = NO;
				SWIFT_VERSION = 5.0;
				TARGETED_DEVICE_FAMILY = "1,2";
				TEST_TARGET_NAME = CurrencyConverter;
			};
			name = Release;
		};
/* End XCBuildConfiguration section */

/* Begin XCConfigurationList section */
		CBC6BE302B7A94B90094A061 /* Build configuration list for PBXProject "CurrencyConverter" */ = {
			isa = XCConfigurationList;
			buildConfigurations = (
				CBC6BE5D2B7A94BA0094A061 /* Debug */,
				CBC6BE5E2B7A94BA0094A061 /* Release */,
			);
			defaultConfigurationIsVisible = 0;
			defaultConfigurationName = Release;
		};
		CBC6BE5F2B7A94BA0094A061 /* Build configuration list for PBXNativeTarget "CurrencyConverter" */ = {
			isa = XCConfigurationList;
			buildConfigurations = (
				CBC6BE602B7A94BA0094A061 /* Debug */,
				CBC6BE612B7A94BA0094A061 /* Release */,
			);
			defaultConfigurationIsVisible = 0;
			defaultConfigurationName = Release;
		};
		CBC6BE622B7A94BA0094A061 /* Build configuration list for PBXNativeTarget "CurrencyConverterTests" */ = {
			isa = XCConfigurationList;
			buildConfigurations = (
				CBC6BE632B7A94BA0094A061 /* Debug */,
				CBC6BE642B7A94BA0094A061 /* Release */,
			);
			defaultConfigurationIsVisible = 0;
			defaultConfigurationName = Release;
		};
		CBC6BE652B7A94BA0094A061 /* Build configuration list for PBXNativeTarget "CurrencyConverterUITests" */ = {
			isa = XCConfigurationList;
			buildConfigurations = (
				CBC6BE662B7A94BA0094A061 /* Debug */,
				CBC6BE672B7A94BA0094A061 /* Release */,
			);
			defaultConfigurationIsVisible = 0;
			defaultConfigurationName = Release;
		};
/* End XCConfigurationList section */
	};
	rootObject = CBC6BE2D2B7A94B90094A061 /* Project object */;
}
